
Microsoft Visual Studio Solution File, Format Version 12.00
# Visual Studio Version 16
VisualStudioVersion = 16.0.30626.31
MinimumVisualStudioVersion = 10.0.40219.1
Project("{FAE04EC0-301F-11D3-BF4B-00C04F79EFBC}") = "SmartLogin UI", "SmartLogin UI\SmartLogin UI.csproj", "{70E00408-B24D-498A-B85B-27AC0CB80CD0}"
EndProject
Global
	GlobalSection(SolutionConfigurationPlatforms) = preSolution
		Debug|Any CPU = Debug|Any CPU
		Release|Any CPU = Release|Any CPU
	EndGlobalSection
	GlobalSection(ProjectConfigurationPlatforms) = postSolution
		{70E00408-B24D-498A-B85B-27AC0CB80CD0}.Debug|Any CPU.ActiveCfg = Debug|Any CPU
		{70E00408-B24D-498A-B85B-27AC0CB80CD0}.Debug|Any CPU.Build.0 = Debug|Any CPU
		{70E00408-B24D-498A-B85B-27AC0CB80CD0}.Release|Any CPU.ActiveCfg = Release|Any CPU
		{70E00408-B24D-498A-B85B-27AC0CB80CD0}.Release|Any CPU.Build.0 = Release|Any CPU
	EndGlobalSection
	GlobalSection(SolutionProperties) = preSolution
		HideSolutionNode = FALSE
	EndGlobalSection
	GlobalSection(ExtensibilityGlobals) = postSolution
		SolutionGuid = {D35C29F0-3DD7-49D7-87CB-B6A088C73787}
	EndGlobalSection
EndGlobal
